
Microsoft Visual Studio Solution File, Format Version 12.00
# Visual Studio Version 17
VisualStudioVersion = 17.6.33723.286
MinimumVisualStudioVersion = 10.0.40219.1
Project("{FAE04EC0-301F-11D3-BF4B-00C04F79EFBC}") = "WartegBerkah", "WartegBerkah\WartegBerkah.csproj", "{CA3AAB66-0ED5-4F18-9A04-81F9D66E4DC2}"
EndProject
Global
	GlobalSection(SolutionConfigurationPlatforms) = preSolution
		Debug|Any CPU = Debug|Any CPU
		Release|Any CPU = Release|Any CPU
	EndGlobalSection
	GlobalSection(ProjectConfigurationPlatforms) = postSolution
		{CA3AAB66-0ED5-4F18-9A04-81F9D66E4DC2}.Debug|Any CPU.ActiveCfg = Debug|Any CPU
		{CA3AAB66-0ED5-4F18-9A04-81F9D66E4DC2}.Debug|Any CPU.Build.0 = Debug|Any CPU
		{CA3AAB66-0ED5-4F18-9A04-81F9D66E4DC2}.Release|Any CPU.ActiveCfg = Release|Any CPU
		{CA3AAB66-0ED5-4F18-9A04-81F9D66E4DC2}.Release|Any CPU.Build.0 = Release|Any CPU
	EndGlobalSection
	GlobalSection(SolutionProperties) = preSolution
		HideSolutionNode = FALSE
	EndGlobalSection
	GlobalSection(ExtensibilityGlobals) = postSolution
		SolutionGuid = {91E12BF0-4818-4159-942E-84349D7FCA03}
	EndGlobalSection
EndGlobal
